
Microsoft Visual Studio Solution File, Format Version 12.00
# Visual Studio 15
VisualStudioVersion = 15.0.28307.168
MinimumVisualStudioVersion = 10.0.40219.1
Project("{8BC9CEB8-8B4A-11D0-8D11-00A0C91BC942}") = "FriedLiver", "FriedLiver.vcxproj", "{89F3188C-74EF-4925-BE9B-96EA67B5A528}"
	ProjectSection(ProjectDependencies) = postProject
		{FEDC214B-2141-40F0-AC13-A140A30B1B66} = {FEDC214B-2141-40F0-AC13-A140A30B1B66}
		{5749639E-BD01-4CAA-AAC7-8D12DF4610BC} = {5749639E-BD01-4CAA-AAC7-8D12DF4610BC}
	EndProjectSection
EndProject
Project("{8BC9CEB8-8B4A-11D0-8D11-00A0C91BC942}") = "VR", "VR\VR.vcxproj", "{FEDC214B-2141-40F0-AC13-A140A30B1B66}"
	ProjectSection(ProjectDependencies) = postProject
		{5749639E-BD01-4CAA-AAC7-8D12DF4610BC} = {5749639E-BD01-4CAA-AAC7-8D12DF4610BC}
	EndProjectSection
EndProject
Project("{8BC9CEB8-8B4A-11D0-8D11-00A0C91BC942}") = "Mapping", "Mapping\Mapping.vcxproj", "{5749639E-BD01-4CAA-AAC7-8D12DF4610BC}"
EndProject
Global
	GlobalSection(SolutionConfigurationPlatforms) = preSolution
		Debug|x64 = Debug|x64
		Debug|x86 = Debug|x86
		Release|x64 = Release|x64
		Release|x86 = Release|x86
	EndGlobalSection
	GlobalSection(ProjectConfigurationPlatforms) = postSolution
		{89F3188C-74EF-4925-BE9B-96EA67B5A528}.Debug|x64.ActiveCfg = Debug|x64
		{89F3188C-74EF-4925-BE9B-96EA67B5A528}.Debug|x64.Build.0 = Debug|x64
		{89F3188C-74EF-4925-BE9B-96EA67B5A528}.Debug|x86.ActiveCfg = Debug|x64
		{89F3188C-74EF-4925-BE9B-96EA67B5A528}.Release|x64.ActiveCfg = Release|x64
		{89F3188C-74EF-4925-BE9B-96EA67B5A528}.Release|x64.Build.0 = Release|x64
		{89F3188C-74EF-4925-BE9B-96EA67B5A528}.Release|x86.ActiveCfg = Release|x64
		{FEDC214B-2141-40F0-AC13-A140A30B1B66}.Debug|x64.ActiveCfg = Debug|x64
		{FEDC214B-2141-40F0-AC13-A140A30B1B66}.Debug|x64.Build.0 = Debug|x64
		{FEDC214B-2141-40F0-AC13-A140A30B1B66}.Debug|x86.ActiveCfg = Debug|x64
		{FEDC214B-2141-40F0-AC13-A140A30B1B66}.Release|x64.ActiveCfg = Release|x64
		{FEDC214B-2141-40F0-AC13-A140A30B1B66}.Release|x64.Build.0 = Release|x64
		{FEDC214B-2141-40F0-AC13-A140A30B1B66}.Release|x86.ActiveCfg = Release|x64
		{5749639E-BD01-4CAA-AAC7-8D12DF4610BC}.Debug|x64.ActiveCfg = Debug|x64
		{5749639E-BD01-4CAA-AAC7-8D12DF4610BC}.Debug|x64.Build.0 = Debug|x64
		{5749639E-BD01-4CAA-AAC7-8D12DF4610BC}.Debug|x86.ActiveCfg = Debug|x64
		{5749639E-BD01-4CAA-AAC7-8D12DF4610BC}.Release|x64.ActiveCfg = Release|x64
		{5749639E-BD01-4CAA-AAC7-8D12DF4610BC}.Release|x64.Build.0 = Release|x64
		{5749639E-BD01-4CAA-AAC7-8D12DF4610BC}.Release|x86.ActiveCfg = Release|x64
	EndGlobalSection
	GlobalSection(SolutionProperties) = preSolution
		HideSolutionNode = FALSE
	EndGlobalSection
	GlobalSection(ExtensibilityGlobals) = postSolution
		SolutionGuid = {69A0177D-F7D5-463A-8D5D-A2A6B031B23B}
	EndGlobalSection
EndGlobal
